
Microsoft Visual Studio Solution File, Format Version 12.00
# Visual Studio Version 17
VisualStudioVersion = 17.10.34928.147
MinimumVisualStudioVersion = 10.0.40219.1
Project("{FAE04EC0-301F-11D3-BF4B-00C04F79EFBC}") = "SimpleNet", "SimpleNet.csproj", "{0983FF7F-E15B-4D82-915C-2C53B2CFB816}"
EndProject
Global
	GlobalSection(SolutionConfigurationPlatforms) = preSolution
		Debug|Any CPU = Debug|Any CPU
		Release|Any CPU = Release|Any CPU
	EndGlobalSection
	GlobalSection(ProjectConfigurationPlatforms) = postSolution
		{0983FF7F-E15B-4D82-915C-2C53B2CFB816}.Debug|Any CPU.ActiveCfg = Debug|Any CPU
		{0983FF7F-E15B-4D82-915C-2C53B2CFB816}.Debug|Any CPU.Build.0 = Debug|Any CPU
		{0983FF7F-E15B-4D82-915C-2C53B2CFB816}.Release|Any CPU.ActiveCfg = Release|Any CPU
		{0983FF7F-E15B-4D82-915C-2C53B2CFB816}.Release|Any CPU.Build.0 = Release|Any CPU
	EndGlobalSection
	GlobalSection(SolutionProperties) = preSolution
		HideSolutionNode = FALSE
	EndGlobalSection
	GlobalSection(ExtensibilityGlobals) = postSolution
		SolutionGuid = {49A516EE-FC82-452F-BF89-87FE14D8F0EF}
	EndGlobalSection
EndGlobal
